# THIS IS AN AUTOGENERATED FILE. DO NOT EDIT THIS FILE DIRECTLY.
# yarn lockfile v1


"@types/aws-lambda@8.10.147":
  version "8.10.147"
  resolved "https://registry.yarnpkg.com/@types/aws-lambda/-/aws-lambda-8.10.147.tgz#dc5c89aa32f47a9b35e52c32630545c83afa6f2f"
  integrity sha512-nD0Z9fNIZcxYX5Mai2CTmFD7wX7UldCkW2ezCF8D1T5hdiLsnTWDGRpfRYntU6VjTdLQjOvyszru7I1c1oCQew==

aws4fetch@^1.0.18:
  version "1.0.20"
  resolved "https://registry.yarnpkg.com/aws4fetch/-/aws4fetch-1.0.20.tgz#090d6c65e32c6df645dd5e5acf04cc56da575cbe"
  integrity sha512-/djoAN709iY65ETD6LKCtyyEI04XIBP5xVvfmNxsEP0uJB5tyaGBztSryRr4HqMStr9R06PisQE7m9zDTXKu6g==

jose@5.2.3:
  version "5.2.3"
  resolved "https://registry.yarnpkg.com/jose/-/jose-5.2.3.tgz#071c87f9fe720cff741a403c8080b69bfe13164a"
  integrity sha512-KUXdbctm1uHVL8BYhnyHkgp3zDX5KW8ZhAKVFEfUbU2P8Alpzjb+48hHvjOdQIyPshoblhzsuqOwEEAbtHVirA==

jose@^4.15.4:
  version "4.15.9"
  resolved "https://registry.yarnpkg.com/jose/-/jose-4.15.9.tgz#9b68eda29e9a0614c042fa29387196c7dd800100"
  integrity sha512-1vUQX+IdDMVPj4k8kOxgUqlcK518yluMuGZwqlr44FS1ppZB/5GWh4rZG89erpOBOJjU/OBsnCVFfapsRz6nEA==

lru-cache@^6.0.0:
  version "6.0.0"
  resolved "https://registry.yarnpkg.com/lru-cache/-/lru-cache-6.0.0.tgz#6d6fe6570ebd96aaf90fcad1dafa3b2566db3a94"
  integrity sha512-Jo6dJ04CmSjuznwJSS3pUeWmd/H0ffTlkXXgwZi+eq1UCmqQwCh+eLsYOYCwY991i2Fah4h1BEMCx4qThGbsiA==
  dependencies:
    yallist "^4.0.0"

object-hash@^2.2.0:
  version "2.2.0"
  resolved "https://registry.yarnpkg.com/object-hash/-/object-hash-2.2.0.tgz#5ad518581eefc443bd763472b8ff2e9c2c0d54a5"
  integrity sha512-gScRMn0bS5fH+IuwyIFgnh9zBdo4DV+6GhygmWM9HyNJSgS0hScp1f5vjtm7oIIOiT9trXrShAkLFSc2IqKNgw==

oidc-token-hash@^5.0.3:
  version "5.1.0"
  resolved "https://registry.yarnpkg.com/oidc-token-hash/-/oidc-token-hash-5.1.0.tgz#74bda0c35dd9f71ea9ce0db72ce8dabf5f90ef79"
  integrity sha512-y0W+X7Ppo7oZX6eovsRkuzcSM40Bicg2JEJkDJ4irIt1wsYAP5MLSNv+QAogO8xivMffw/9OvV3um1pxXgt1uA==

openid-client@5.6.4:
  version "5.6.4"
  resolved "https://registry.yarnpkg.com/openid-client/-/openid-client-5.6.4.tgz#b2c25e6d5338ba3ce00e04341bb286798a196177"
  integrity sha512-T1h3B10BRPKfcObdBklX639tVz+xh34O7GjofqrqiAQdm7eHsQ00ih18x6wuJ/E6FxdtS2u3FmUGPDeEcMwzNA==
  dependencies:
    jose "^4.15.4"
    lru-cache "^6.0.0"
    object-hash "^2.2.0"
    oidc-token-hash "^5.0.3"

sst-darwin-arm64@3.9.27:
  version "3.9.27"
  resolved "https://registry.yarnpkg.com/sst-darwin-arm64/-/sst-darwin-arm64-3.9.27.tgz#424e76714ca003e2866b6e33dfe0c1943d0239cf"
  integrity sha512-eDmSOFoW2EXzM8+CfqW0n+0bb5gFCSNkAS/wcwMT3iyAPPJANtWXAyFYUsXbLgXjIpg6uofMTbEGb4T3gEmpJg==

sst-darwin-x64@3.9.27:
  version "3.9.27"
  resolved "https://registry.yarnpkg.com/sst-darwin-x64/-/sst-darwin-x64-3.9.27.tgz#e79308f460c6068e872690351efcc631b8955db5"
  integrity sha512-qRfXwBtCZfI1lHSlvPdt9wex3uTRCTE2e4tCQ749mtY3s0mdSYQ4ikdD1/7uxpjVxTwve705jfQBNpa4Pn6DIg==

sst-linux-arm64@3.9.27:
  version "3.9.27"
  resolved "https://registry.yarnpkg.com/sst-linux-arm64/-/sst-linux-arm64-3.9.27.tgz#ef9d4e5cd6354e2ede49bbb0226d0afafcf22800"
  integrity sha512-BbGM59rYcBdwHLUsp3++VkbtZABxon4eYmgrc7v8iP3CrpbeoWn1VCP1MnFoXdXvx9n6Nbmui3oATQUVeWgBFg==

sst-linux-x64@3.9.27:
  version "3.9.27"
  resolved "https://registry.yarnpkg.com/sst-linux-x64/-/sst-linux-x64-3.9.27.tgz#6c8bf477766921360df98e72c95a2bf86cae3745"
  integrity sha512-ZSBmYryaXkQVgVfbPx/ZlPqZXQTX2aGnbCAQ91vkKnhDx7kaF84zAx7bIvk9Jk/1ZbPg5HTvoKm0CWFgJjKKxg==

sst-linux-x86@3.9.27:
  version "3.9.27"
  resolved "https://registry.yarnpkg.com/sst-linux-x86/-/sst-linux-x86-3.9.27.tgz#95a3bebf768a045af50b894a674e8fb9b6dc4e24"
  integrity sha512-aMw7b+SJjPrlSqasJjkIIf6Saz3HVFugo1XDoCW8rNIgwfzVX7/gT2ds87KefpCOYdMARICcKuCycQq1nT+4jg==

sst@3.9.27:
  version "3.9.27"
  resolved "https://registry.yarnpkg.com/sst/-/sst-3.9.27.tgz#a0d73d5040b0b331b091784e8fcc4e787ff051df"
  integrity sha512-kt9Lw65MhqSwIJBywBalhZrj3FFLnKHn9KcVI4FuoLXpek+0tvQKW2mnwxsO9pqF96a8sYtlNRki6F1neb9qgg==
  dependencies:
    aws4fetch "^1.0.18"
    jose "5.2.3"
    openid-client "5.6.4"
  optionalDependencies:
    sst-darwin-arm64 "3.9.27"
    sst-darwin-x64 "3.9.27"
    sst-linux-arm64 "3.9.27"
    sst-linux-x64 "3.9.27"
    sst-linux-x86 "3.9.27"

yallist@^4.0.0:
  version "4.0.0"
  resolved "https://registry.yarnpkg.com/yallist/-/yallist-4.0.0.tgz#9bb92790d9c0effec63be73519e11a35019a3a72"
  integrity sha512-3wdGidZyq5PB084XLES5TpOSRA3wjXAlIWMhum2kRcv/41Sn2emQ0dycQW4uZXLejwKvg6EsvbdlVL+FYEct7A==
